// !$*UTF8*$!
{
	archiveVersion = 1;
	classes = {
	};
	objectVersion = 48;
	objects = {

/* Begin PBXBuildFile section */
		81204EA62164B812006E2052 /* NSObject.swift in Sources */ = {isa = PBXBuildFile; fileRef = 817FB94A2154D8F300C9C35A /* NSObject.swift */; };
		81204EA72164B812006E2052 /* Parameter.swift in Sources */ = {isa = PBXBuildFile; fileRef = 81588BAF215747BC008EA02D /* Parameter.swift */; };
		81204EA82164B812006E2052 /* ConsoleStream.swift in Sources */ = {isa = PBXBuildFile; fileRef = 817FB9012154D7FC00C9C35A /* ConsoleStream.swift */; };
		81204EA92164B812006E2052 /* Angle.swift in Sources */ = {isa = PBXBuildFile; fileRef = 817FB9032154D7FC00C9C35A /* Angle.swift */; };
		81204EAA2164B812006E2052 /* FiniteStateEntity.swift in Sources */ = {isa = PBXBuildFile; fileRef = 817FB96B2154E6E600C9C35A /* FiniteStateEntity.swift */; };
		81204EAB2164B812006E2052 /* FiniteState.swift in Sources */ = {isa = PBXBuildFile; fileRef = 81588BAB215744A6008EA02D /* FiniteState.swift */; };
		81204EAC2164B812006E2052 /* FiniteStateMachine.swift in Sources */ = {isa = PBXBuildFile; fileRef = 81588BB121578DFF008EA02D /* FiniteStateMachine.swift */; };
		81204EAD2164B812006E2052 /* BaseBehaviour.swift in Sources */ = {isa = PBXBuildFile; fileRef = 817FB9092154D7FC00C9C35A /* BaseBehaviour.swift */; };
		81204EAE2164B812006E2052 /* Quadratic.swift in Sources */ = {isa = PBXBuildFile; fileRef = 812DBA2A21605A9C00315853 /* Quadratic.swift */; };
		81204EAF2164B812006E2052 /* Parabora.swift in Sources */ = {isa = PBXBuildFile; fileRef = 817FB9202154D7FC00C9C35A /* Parabora.swift */; };
		81204EB02164B812006E2052 /* TimeLine.swift in Sources */ = {isa = PBXBuildFile; fileRef = 81588BAD21574578008EA02D /* TimeLine.swift */; };
		81204EB12164B812006E2052 /* Bouncy.swift in Sources */ = {isa = PBXBuildFile; fileRef = 812DBA2C21605E7200315853 /* Bouncy.swift */; };
		81204EB22164B812006E2052 /* Notifier.swift in Sources */ = {isa = PBXBuildFile; fileRef = 81588BB32158F32F008EA02D /* Notifier.swift */; };
		81204EB32164B812006E2052 /* NotifyMessage.swift in Sources */ = {isa = PBXBuildFile; fileRef = 81588BB52158F4B8008EA02D /* NotifyMessage.swift */; };
		81204EB42164B812006E2052 /* INotifyDelegate.swift in Sources */ = {isa = PBXBuildFile; fileRef = 81588BB72158F590008EA02D /* INotifyDelegate.swift */; };
		81204EB52164B812006E2052 /* UIView.swift in Sources */ = {isa = PBXBuildFile; fileRef = 81F4F486215A0A500013F939 /* UIView.swift */; };
		816BD6D420035C0F008B8853 /* Angle.m in Sources */ = {isa = PBXBuildFile; fileRef = 816BD6D320035C0F008B8853 /* Angle.m */; };
		816BD6D520035C0F008B8853 /* Angle.m in Sources */ = {isa = PBXBuildFile; fileRef = 816BD6D320035C0F008B8853 /* Angle.m */; };
		816BD6D720035C1F008B8853 /* Angle.h in Headers */ = {isa = PBXBuildFile; fileRef = 816BD6D620035C1F008B8853 /* Angle.h */; settings = {ATTRIBUTES = (Public, ); }; };
		817D87B821426BB7006C3D7B /* FiniteState.h in Headers */ = {isa = PBXBuildFile; fileRef = 817D87B721426BB7006C3D7B /* FiniteState.h */; settings = {ATTRIBUTES = (Public, ); }; };
		817D87BA21426BC4006C3D7B /* FiniteState.m in Sources */ = {isa = PBXBuildFile; fileRef = 817D87B921426BC4006C3D7B /* FiniteState.m */; };
		817FB8E32154D7B300C9C35A /* iOSSwiftFoundation.h in Headers */ = {isa = PBXBuildFile; fileRef = 817FB8D52154D7B200C9C35A /* iOSSwiftFoundation.h */; settings = {ATTRIBUTES = (Public, ); }; };
		818A22C12144BAC400B19FC2 /* Parameter.h in Headers */ = {isa = PBXBuildFile; fileRef = 818A22C02144BAC400B19FC2 /* Parameter.h */; settings = {ATTRIBUTES = (Public, ); }; };
		818A22C32144BAD300B19FC2 /* Parameter.m in Sources */ = {isa = PBXBuildFile; fileRef = 818A22C22144BAD300B19FC2 /* Parameter.m */; };
		818F68B621536FC4007BFC11 /* ConsoleStream.h in Headers */ = {isa = PBXBuildFile; fileRef = 818F68B421536FC4007BFC11 /* ConsoleStream.h */; settings = {ATTRIBUTES = (Public, ); }; };
		818F68B721536FC4007BFC11 /* ConsoleStream.m in Sources */ = {isa = PBXBuildFile; fileRef = 818F68B521536FC4007BFC11 /* ConsoleStream.m */; };
		81BC63DF2144B4760081F129 /* FiniteStateMachine.m in Sources */ = {isa = PBXBuildFile; fileRef = 81BC63DE2144B4760081F129 /* FiniteStateMachine.m */; };
		81BC63E12144B4820081F129 /* FiniteStateMachine.h in Headers */ = {isa = PBXBuildFile; fileRef = 81BC63E02144B4820081F129 /* FiniteStateMachine.h */; settings = {ATTRIBUTES = (Public, ); }; };
		81C3AB412140F77200460F38 /* DispatchQueue.h in Headers */ = {isa = PBXBuildFile; fileRef = 81C3AB402140F77200460F38 /* DispatchQueue.h */; settings = {ATTRIBUTES = (Public, ); }; };
		81C3AB432140F77D00460F38 /* DispatchQueue.m in Sources */ = {isa = PBXBuildFile; fileRef = 81C3AB422140F77D00460F38 /* DispatchQueue.m */; };
		81C3AB462140FF7D00460F38 /* UIView+Override.m in Sources */ = {isa = PBXBuildFile; fileRef = 81C3AB452140FF7D00460F38 /* UIView+Override.m */; };
		81C3AB47214100A800460F38 /* UIView+Override.h in Headers */ = {isa = PBXBuildFile; fileRef = 81C3AB442140FF6F00460F38 /* UIView+Override.h */; settings = {ATTRIBUTES = (Public, ); }; };
		81CA814C2150CA9E00F23DEF /* Quadratic.h in Headers */ = {isa = PBXBuildFile; fileRef = 81CA814A2150CA9E00F23DEF /* Quadratic.h */; settings = {ATTRIBUTES = (Public, ); }; };
		81CA814D2150CA9E00F23DEF /* Quadratic.m in Sources */ = {isa = PBXBuildFile; fileRef = 81CA814B2150CA9E00F23DEF /* Quadratic.m */; };
		81CA814F2150CAAC00F23DEF /* TimeLine.m in Sources */ = {isa = PBXBuildFile; fileRef = 81CA814E2150CAAC00F23DEF /* TimeLine.m */; };
		81CA81512150CAB600F23DEF /* TimeLine.h in Headers */ = {isa = PBXBuildFile; fileRef = 81CA81502150CAB600F23DEF /* TimeLine.h */; settings = {ATTRIBUTES = (Public, ); }; };
		81CA81532152158100F23DEF /* INotifyDelegate.h in Headers */ = {isa = PBXBuildFile; fileRef = 81CA81522152158100F23DEF /* INotifyDelegate.h */; settings = {ATTRIBUTES = (Public, ); }; };
		81CA81552152161D00F23DEF /* NotifyMessage.h in Headers */ = {isa = PBXBuildFile; fileRef = 81CA81542152161D00F23DEF /* NotifyMessage.h */; settings = {ATTRIBUTES = (Public, ); }; };
		81CA8157215219AA00F23DEF /* Notifier.h in Headers */ = {isa = PBXBuildFile; fileRef = 81CA8156215219AA00F23DEF /* Notifier.h */; settings = {ATTRIBUTES = (Public, ); }; };
		81CA8159215219E700F23DEF /* Notifier.m in Sources */ = {isa = PBXBuildFile; fileRef = 81CA8158215219E700F23DEF /* Notifier.m */; };
		81CA815B215225EC00F23DEF /* NSObject+Override.h in Headers */ = {isa = PBXBuildFile; fileRef = 81CA815A215225EC00F23DEF /* NSObject+Override.h */; settings = {ATTRIBUTES = (Public, ); }; };
		81CA815D215225F600F23DEF /* NSObject+Override.m in Sources */ = {isa = PBXBuildFile; fileRef = 81CA815C215225F600F23DEF /* NSObject+Override.m */; };
		81CA815F21522C2100F23DEF /* Bouncy.m in Sources */ = {isa = PBXBuildFile; fileRef = 81CA815E21522C2100F23DEF /* Bouncy.m */; };
		81CA816121522C2C00F23DEF /* Bouncy.h in Headers */ = {isa = PBXBuildFile; fileRef = 81CA816021522C2C00F23DEF /* Bouncy.h */; settings = {ATTRIBUTES = (Public, ); }; };
		81CA816C215241B500F23DEF /* Parabora.h in Headers */ = {isa = PBXBuildFile; fileRef = 81CA816A215241B400F23DEF /* Parabora.h */; settings = {ATTRIBUTES = (Public, ); }; };
		81CA816D215241B500F23DEF /* Parabora.m in Sources */ = {isa = PBXBuildFile; fileRef = 81CA816B215241B400F23DEF /* Parabora.m */; };
		81ECFBDB2000748A0073571A /* iOSObjectiveCFoundation.framework in Frameworks */ = {isa = PBXBuildFile; fileRef = 81ECFBD22000748A0073571A /* iOSObjectiveCFoundation.framework */; };
		81ECFBE22000748A0073571A /* iOSObjectiveCFoundation.h in Headers */ = {isa = PBXBuildFile; fileRef = 81ECFBD42000748A0073571A /* iOSObjectiveCFoundation.h */; settings = {ATTRIBUTES = (Public, ); }; };
		81FB910A214EB6E6007FABAF /* FiniteStateEntity.m in Sources */ = {isa = PBXBuildFile; fileRef = 81FB9109214EB6E6007FABAF /* FiniteStateEntity.m */; };
		81FB910C214EB6F3007FABAF /* FiniteStateEntity.h in Headers */ = {isa = PBXBuildFile; fileRef = 81FB910B214EB6F3007FABAF /* FiniteStateEntity.h */; settings = {ATTRIBUTES = (Public, ); }; };
		81FB910F214F29CF007FABAF /* BaseBehaviour.m in Sources */ = {isa = PBXBuildFile; fileRef = 81FB910E214F29CF007FABAF /* BaseBehaviour.m */; };
		81FB9111214F29DA007FABAF /* BaseBehaviour.h in Headers */ = {isa = PBXBuildFile; fileRef = 81FB9110214F29DA007FABAF /* BaseBehaviour.h */; settings = {ATTRIBUTES = (Public, ); }; };
/* End PBXBuildFile section */

/* Begin PBXContainerItemProxy section */
		817FB8DD2154D7B300C9C35A /* PBXContainerItemProxy */ = {
			isa = PBXContainerItemProxy;
			containerPortal = 81ECFB8E2000745D0073571A /* Project object */;
			proxyType = 1;
			remoteGlobalIDString = 817FB8D22154D7B200C9C35A;
			remoteInfo = iOSSwiftFoundation;
		};
		81ECFBDC2000748A0073571A /* PBXContainerItemProxy */ = {
			isa = PBXContainerItemProxy;
			containerPortal = 81ECFB8E2000745D0073571A /* Project object */;
			proxyType = 1;
			remoteGlobalIDString = 81ECFBD12000748A0073571A;
			remoteInfo = iOSObjectiveCFoundation;
		};
/* End PBXContainerItemProxy section */

/* Begin PBXFileReference section */
		812DBA2A21605A9C00315853 /* Quadratic.swift */ = {isa = PBXFileReference; lastKnownFileType = sourcecode.swift; path = Quadratic.swift; sourceTree = "<group>"; };
		812DBA2C21605E7200315853 /* Bouncy.swift */ = {isa = PBXFileReference; lastKnownFileType = sourcecode.swift; path = Bouncy.swift; sourceTree = "<group>"; };
		81588BAB215744A6008EA02D /* FiniteState.swift */ = {isa = PBXFileReference; lastKnownFileType = sourcecode.swift; path = FiniteState.swift; sourceTree = "<group>"; };
		81588BAD21574578008EA02D /* TimeLine.swift */ = {isa = PBXFileReference; lastKnownFileType = sourcecode.swift; path = TimeLine.swift; sourceTree = "<group>"; };
		81588BAF215747BC008EA02D /* Parameter.swift */ = {isa = PBXFileReference; lastKnownFileType = sourcecode.swift; path = Parameter.swift; sourceTree = "<group>"; };
		81588BB121578DFF008EA02D /* FiniteStateMachine.swift */ = {isa = PBXFileReference; lastKnownFileType = sourcecode.swift; path = FiniteStateMachine.swift; sourceTree = "<group>"; };
		81588BB32158F32F008EA02D /* Notifier.swift */ = {isa = PBXFileReference; lastKnownFileType = sourcecode.swift; path = Notifier.swift; sourceTree = "<group>"; };
		81588BB52158F4B8008EA02D /* NotifyMessage.swift */ = {isa = PBXFileReference; lastKnownFileType = sourcecode.swift; path = NotifyMessage.swift; sourceTree = "<group>"; };
		81588BB72158F590008EA02D /* INotifyDelegate.swift */ = {isa = PBXFileReference; lastKnownFileType = sourcecode.swift; path = INotifyDelegate.swift; sourceTree = "<group>"; };
		816BD6D020035898008B8853 /* GLKit.framework */ = {isa = PBXFileReference; lastKnownFileType = wrapper.framework; name = GLKit.framework; path = System/Library/Frameworks/GLKit.framework; sourceTree = SDKROOT; };
		816BD6D320035C0F008B8853 /* Angle.m */ = {isa = PBXFileReference; lastKnownFileType = sourcecode.c.objc; path = Angle.m; sourceTree = "<group>"; };
		816BD6D620035C1F008B8853 /* Angle.h */ = {isa = PBXFileReference; lastKnownFileType = sourcecode.c.h; path = Angle.h; sourceTree = "<group>"; };
		817D87B721426BB7006C3D7B /* FiniteState.h */ = {isa = PBXFileReference; lastKnownFileType = sourcecode.c.h; path = FiniteState.h; sourceTree = "<group>"; };
		817D87B921426BC4006C3D7B /* FiniteState.m */ = {isa = PBXFileReference; lastKnownFileType = sourcecode.c.objc; path = FiniteState.m; sourceTree = "<group>"; };
		817FB8D32154D7B200C9C35A /* iOSSwiftFoundation.framework */ = {isa = PBXFileReference; explicitFileType = wrapper.framework; includeInIndex = 0; path = iOSSwiftFoundation.framework; sourceTree = BUILT_PRODUCTS_DIR; };
		817FB8D52154D7B200C9C35A /* iOSSwiftFoundation.h */ = {isa = PBXFileReference; lastKnownFileType = sourcecode.c.h; path = iOSSwiftFoundation.h; sourceTree = "<group>"; };
		817FB8D62154D7B200C9C35A /* Info.plist */ = {isa = PBXFileReference; lastKnownFileType = text.plist.xml; path = Info.plist; sourceTree = "<group>"; };
		817FB8DB2154D7B300C9C35A /* iOSSwiftFoundationTests.xctest */ = {isa = PBXFileReference; explicitFileType = wrapper.cfbundle; includeInIndex = 0; path = iOSSwiftFoundationTests.xctest; sourceTree = BUILT_PRODUCTS_DIR; };
		817FB9012154D7FC00C9C35A /* ConsoleStream.swift */ = {isa = PBXFileReference; fileEncoding = 4; lastKnownFileType = sourcecode.swift; path = ConsoleStream.swift; sourceTree = "<group>"; };
		817FB9032154D7FC00C9C35A /* Angle.swift */ = {isa = PBXFileReference; fileEncoding = 4; lastKnownFileType = sourcecode.swift; path = Angle.swift; sourceTree = "<group>"; };
		817FB9092154D7FC00C9C35A /* BaseBehaviour.swift */ = {isa = PBXFileReference; fileEncoding = 4; lastKnownFileType = sourcecode.swift; path = BaseBehaviour.swift; sourceTree = "<group>"; };
		817FB9202154D7FC00C9C35A /* Parabora.swift */ = {isa = PBXFileReference; fileEncoding = 4; lastKnownFileType = sourcecode.swift; path = Parabora.swift; sourceTree = "<group>"; };
		817FB94A2154D8F300C9C35A /* NSObject.swift */ = {isa = PBXFileReference; lastKnownFileType = sourcecode.swift; path = NSObject.swift; sourceTree = "<group>"; };
		817FB96B2154E6E600C9C35A /* FiniteStateEntity.swift */ = {isa = PBXFileReference; lastKnownFileType = sourcecode.swift; path = FiniteStateEntity.swift; sourceTree = "<group>"; };
		81871C122014554E0072C6E9 /* OpenGLES.framework */ = {isa = PBXFileReference; lastKnownFileType = wrapper.framework; name = OpenGLES.framework; path = System/Library/Frameworks/OpenGLES.framework; sourceTree = SDKROOT; };
		818A22C02144BAC400B19FC2 /* Parameter.h */ = {isa = PBXFileReference; lastKnownFileType = sourcecode.c.h; path = Parameter.h; sourceTree = "<group>"; };
		818A22C22144BAD300B19FC2 /* Parameter.m */ = {isa = PBXFileReference; lastKnownFileType = sourcecode.c.objc; path = Parameter.m; sourceTree = "<group>"; };
		818F68B421536FC4007BFC11 /* ConsoleStream.h */ = {isa = PBXFileReference; fileEncoding = 4; lastKnownFileType = sourcecode.c.h; path = ConsoleStream.h; sourceTree = "<group>"; };
		818F68B521536FC4007BFC11 /* ConsoleStream.m */ = {isa = PBXFileReference; fileEncoding = 4; lastKnownFileType = sourcecode.c.objc; path = ConsoleStream.m; sourceTree = "<group>"; };
		81BC63DE2144B4760081F129 /* FiniteStateMachine.m */ = {isa = PBXFileReference; lastKnownFileType = sourcecode.c.objc; path = FiniteStateMachine.m; sourceTree = "<group>"; };
		81BC63E02144B4820081F129 /* FiniteStateMachine.h */ = {isa = PBXFileReference; lastKnownFileType = sourcecode.c.h; path = FiniteStateMachine.h; sourceTree = "<group>"; };
		81C3AB402140F77200460F38 /* DispatchQueue.h */ = {isa = PBXFileReference; lastKnownFileType = sourcecode.c.h; path = DispatchQueue.h; sourceTree = "<group>"; };
		81C3AB422140F77D00460F38 /* DispatchQueue.m */ = {isa = PBXFileReference; lastKnownFileType = sourcecode.c.objc; path = DispatchQueue.m; sourceTree = "<group>"; };
		81C3AB442140FF6F00460F38 /* UIView+Override.h */ = {isa = PBXFileReference; lastKnownFileType = sourcecode.c.h; path = "UIView+Override.h"; sourceTree = "<group>"; };
		81C3AB452140FF7D00460F38 /* UIView+Override.m */ = {isa = PBXFileReference; lastKnownFileType = sourcecode.c.objc; path = "UIView+Override.m"; sourceTree = "<group>"; };
		81CA814A2150CA9E00F23DEF /* Quadratic.h */ = {isa = PBXFileReference; fileEncoding = 4; lastKnownFileType = sourcecode.c.h; path = Quadratic.h; sourceTree = "<group>"; };
		81CA814B2150CA9E00F23DEF /* Quadratic.m */ = {isa = PBXFileReference; fileEncoding = 4; lastKnownFileType = sourcecode.c.objc; path = Quadratic.m; sourceTree = "<group>"; };
		81CA814E2150CAAC00F23DEF /* TimeLine.m */ = {isa = PBXFileReference; lastKnownFileType = sourcecode.c.objc; path = TimeLine.m; sourceTree = "<group>"; };
		81CA81502150CAB600F23DEF /* TimeLine.h */ = {isa = PBXFileReference; lastKnownFileType = sourcecode.c.h; path = TimeLine.h; sourceTree = "<group>"; };
		81CA81522152158100F23DEF /* INotifyDelegate.h */ = {isa = PBXFileReference; lastKnownFileType = sourcecode.c.h; path = INotifyDelegate.h; sourceTree = "<group>"; };
		81CA81542152161D00F23DEF /* NotifyMessage.h */ = {isa = PBXFileReference; lastKnownFileType = sourcecode.c.h; path = NotifyMessage.h; sourceTree = "<group>"; };
		81CA8156215219AA00F23DEF /* Notifier.h */ = {isa = PBXFileReference; lastKnownFileType = sourcecode.c.h; path = Notifier.h; sourceTree = "<group>"; };
		81CA8158215219E700F23DEF /* Notifier.m */ = {isa = PBXFileReference; lastKnownFileType = sourcecode.c.objc; path = Notifier.m; sourceTree = "<group>"; };
		81CA815A215225EC00F23DEF /* NSObject+Override.h */ = {isa = PBXFileReference; lastKnownFileType = sourcecode.c.h; path = "NSObject+Override.h"; sourceTree = "<group>"; };
		81CA815C215225F600F23DEF /* NSObject+Override.m */ = {isa = PBXFileReference; lastKnownFileType = sourcecode.c.objc; path = "NSObject+Override.m"; sourceTree = "<group>"; };
		81CA815E21522C2100F23DEF /* Bouncy.m */ = {isa = PBXFileReference; lastKnownFileType = sourcecode.c.objc; path = Bouncy.m; sourceTree = "<group>"; };
		81CA816021522C2C00F23DEF /* Bouncy.h */ = {isa = PBXFileReference; lastKnownFileType = sourcecode.c.h; path = Bouncy.h; sourceTree = "<group>"; };
		81CA816A215241B400F23DEF /* Parabora.h */ = {isa = PBXFileReference; fileEncoding = 4; lastKnownFileType = sourcecode.c.h; path = Parabora.h; sourceTree = "<group>"; };
		81CA816B215241B400F23DEF /* Parabora.m */ = {isa = PBXFileReference; fileEncoding = 4; lastKnownFileType = sourcecode.c.objc; path = Parabora.m; sourceTree = "<group>"; };
		81ECFBD22000748A0073571A /* iOSObjectiveCFoundation.framework */ = {isa = PBXFileReference; explicitFileType = wrapper.framework; includeInIndex = 0; path = iOSObjectiveCFoundation.framework; sourceTree = BUILT_PRODUCTS_DIR; };
		81ECFBD42000748A0073571A /* iOSObjectiveCFoundation.h */ = {isa = PBXFileReference; lastKnownFileType = sourcecode.c.h; path = iOSObjectiveCFoundation.h; sourceTree = "<group>"; };
		81ECFBD52000748A0073571A /* Info.plist */ = {isa = PBXFileReference; lastKnownFileType = text.plist.xml; path = Info.plist; sourceTree = "<group>"; };
		81ECFBDA2000748A0073571A /* iOSObjectiveCFoundationTests.xctest */ = {isa = PBXFileReference; explicitFileType = wrapper.cfbundle; includeInIndex = 0; path = iOSObjectiveCFoundationTests.xctest; sourceTree = BUILT_PRODUCTS_DIR; };
		81F4F486215A0A500013F939 /* UIView.swift */ = {isa = PBXFileReference; lastKnownFileType = sourcecode.swift; path = UIView.swift; sourceTree = "<group>"; };
		81FB9109214EB6E6007FABAF /* FiniteStateEntity.m */ = {isa = PBXFileReference; lastKnownFileType = sourcecode.c.objc; path = FiniteStateEntity.m; sourceTree = "<group>"; };
		81FB910B214EB6F3007FABAF /* FiniteStateEntity.h */ = {isa = PBXFileReference; lastKnownFileType = sourcecode.c.h; path = FiniteStateEntity.h; sourceTree = "<group>"; };
		81FB910E214F29CF007FABAF /* BaseBehaviour.m */ = {isa = PBXFileReference; lastKnownFileType = sourcecode.c.objc; path = BaseBehaviour.m; sourceTree = "<group>"; };
		81FB9110214F29DA007FABAF /* BaseBehaviour.h */ = {isa = PBXFileReference; lastKnownFileType = sourcecode.c.h; path = BaseBehaviour.h; sourceTree = "<group>"; };
/* End PBXFileReference section */

/* Begin PBXFrameworksBuildPhase section */
		817FB8CF2154D7B200C9C35A /* Frameworks */ = {
			isa = PBXFrameworksBuildPhase;
			buildActionMask = 2147483647;
			files = (
			);
			runOnlyForDeploymentPostprocessing = 0;
		};
		817FB8D82154D7B300C9C35A /* Frameworks */ = {
			isa = PBXFrameworksBuildPhase;
			buildActionMask = 2147483647;
			files = (
			);
			runOnlyForDeploymentPostprocessing = 0;
		};
		81ECFBCE2000748A0073571A /* Frameworks */ = {
			isa = PBXFrameworksBuildPhase;
			buildActionMask = 2147483647;
			files = (
			);
			runOnlyForDeploymentPostprocessing = 0;
		};
		81ECFBD72000748A0073571A /* Frameworks */ = {
			isa = PBXFrameworksBuildPhase;
			buildActionMask = 2147483647;
			files = (
				81ECFBDB2000748A0073571A /* iOSObjectiveCFoundation.framework in Frameworks */,
			);
			runOnlyForDeploymentPostprocessing = 0;
		};
/* End PBXFrameworksBuildPhase section */

/* Begin PBXGroup section */
		8107A3682011C2FD005B3534 /* Component */ = {
			isa = PBXGroup;
			children = (
				81CA81482150CA9E00F23DEF /* Vfx */,
			);
			path = Component;
			sourceTree = "<group>";
		};
		812150DC200880E6008484D7 /* IO */ = {
			isa = PBXGroup;
			children = (
				818F68B221536FC4007BFC11 /* Stream */,
			);
			path = IO;
			sourceTree = "<group>";
		};
		812150E92008848D008484D7 /* Frontend */ = {
			isa = PBXGroup;
			children = (
				81FB910D214F29AF007FABAF /* Behaviour */,
				817D87B621426B9D006C3D7B /* State */,
				8107A3682011C2FD005B3534 /* Component */,
				81A04EB0200C8A390035B7AE /* Notifier */,
				812150EA200884A9008484D7 /* View */,
			);
			path = Frontend;
			sourceTree = "<group>";
		};
		812150EA200884A9008484D7 /* View */ = {
			isa = PBXGroup;
			children = (
				81C3AB442140FF6F00460F38 /* UIView+Override.h */,
				81C3AB452140FF7D00460F38 /* UIView+Override.m */,
			);
			path = View;
			sourceTree = "<group>";
		};
		812DBA2921605A7400315853 /* Easing */ = {
			isa = PBXGroup;
			children = (
				812DBA2A21605A9C00315853 /* Quadratic.swift */,
			);
			path = Easing;
			sourceTree = "<group>";
		};
		816BD6C5200357E9008B8853 /* Classes */ = {
			isa = PBXGroup;
			children = (
				816BD6C620035812008B8853 /* Core */,
				812150E92008848D008484D7 /* Frontend */,
			);
			path = Classes;
			sourceTree = "<group>";
		};
		816BD6C620035812008B8853 /* Core */ = {
			isa = PBXGroup;
			children = (
				817D87B1214260E9006C3D7B /* Object */,
				81C3AB3F2140F74E00460F38 /* Async */,
				812150DC200880E6008484D7 /* IO */,
				816BD6C720035812008B8853 /* Entity */,
				816BD6D220035BE5008B8853 /* Math */,
			);
			path = Core;
			sourceTree = "<group>";
		};
		816BD6C720035812008B8853 /* Entity */ = {
			isa = PBXGroup;
			children = (
				816BD6C820035812008B8853 /* Component */,
			);
			path = Entity;
			sourceTree = "<group>";
		};
		816BD6C820035812008B8853 /* Component */ = {
			isa = PBXGroup;
			children = (
				818A22C02144BAC400B19FC2 /* Parameter.h */,
				818A22C22144BAD300B19FC2 /* Parameter.m */,
			);
			path = Component;
			sourceTree = "<group>";
		};
		816BD6CF20035898008B8853 /* Frameworks */ = {
			isa = PBXGroup;
			children = (
				81871C122014554E0072C6E9 /* OpenGLES.framework */,
				816BD6D020035898008B8853 /* GLKit.framework */,
			);
			name = Frameworks;
			sourceTree = "<group>";
		};
		816BD6D220035BE5008B8853 /* Math */ = {
			isa = PBXGroup;
			children = (
				816BD6D320035C0F008B8853 /* Angle.m */,
				816BD6D620035C1F008B8853 /* Angle.h */,
			);
			path = Math;
			sourceTree = "<group>";
		};
		817D87B1214260E9006C3D7B /* Object */ = {
			isa = PBXGroup;
			children = (
				81CA815A215225EC00F23DEF /* NSObject+Override.h */,
				81CA815C215225F600F23DEF /* NSObject+Override.m */,
			);
			path = Object;
			sourceTree = "<group>";
		};
		817D87B621426B9D006C3D7B /* State */ = {
			isa = PBXGroup;
			children = (
				817D87B721426BB7006C3D7B /* FiniteState.h */,
				817D87B921426BC4006C3D7B /* FiniteState.m */,
				81BC63DE2144B4760081F129 /* FiniteStateMachine.m */,
				81BC63E02144B4820081F129 /* FiniteStateMachine.h */,
				81FB9109214EB6E6007FABAF /* FiniteStateEntity.m */,
				81FB910B214EB6F3007FABAF /* FiniteStateEntity.h */,
			);
			path = State;
			sourceTree = "<group>";
		};
		817FB8D42154D7B200C9C35A /* iOSSwiftFoundation */ = {
			isa = PBXGroup;
			children = (
				817FB8EA2154D7FC00C9C35A /* Classes */,
				817FB8D52154D7B200C9C35A /* iOSSwiftFoundation.h */,
				817FB8D62154D7B200C9C35A /* Info.plist */,
			);
			path = iOSSwiftFoundation;
			sourceTree = "<group>";
		};
		817FB8EA2154D7FC00C9C35A /* Classes */ = {
			isa = PBXGroup;
			children = (
				817FB8EB2154D7FC00C9C35A /* Core */,
				817FB9072154D7FC00C9C35A /* Frontend */,
			);
			path = Classes;
			sourceTree = "<group>";
		};
		817FB8EB2154D7FC00C9C35A /* Core */ = {
			isa = PBXGroup;
			children = (
				817FB9492154D8A400C9C35A /* Object */,
				817FB8EC2154D7FC00C9C35A /* Entity */,
				817FB8FB2154D7FC00C9C35A /* IO */,
				817FB9022154D7FC00C9C35A /* Math */,
			);
			path = Core;
			sourceTree = "<group>";
		};
		817FB8EC2154D7FC00C9C35A /* Entity */ = {
			isa = PBXGroup;
			children = (
				817FB8ED2154D7FC00C9C35A /* Component */,
			);
			path = Entity;
			sourceTree = "<group>";
		};
		817FB8ED2154D7FC00C9C35A /* Component */ = {
			isa = PBXGroup;
			children = (
				81588BAF215747BC008EA02D /* Parameter.swift */,
			);
			path = Component;
			sourceTree = "<group>";
		};
		817FB8FB2154D7FC00C9C35A /* IO */ = {
			isa = PBXGroup;
			children = (
				817FB9002154D7FC00C9C35A /* Stream */,
			);
			path = IO;
			sourceTree = "<group>";
		};
		817FB9002154D7FC00C9C35A /* Stream */ = {
			isa = PBXGroup;
			children = (
				817FB9012154D7FC00C9C35A /* ConsoleStream.swift */,
			);
			path = Stream;
			sourceTree = "<group>";
		};
		817FB9022154D7FC00C9C35A /* Math */ = {
			isa = PBXGroup;
			children = (
				817FB9032154D7FC00C9C35A /* Angle.swift */,
			);
			path = Math;
			sourceTree = "<group>";
		};
		817FB9072154D7FC00C9C35A /* Frontend */ = {
			isa = PBXGroup;
			children = (
				817FB96A2154E6D400C9C35A /* State */,
				817FB9082154D7FC00C9C35A /* Behaviour */,
				817FB90A2154D7FC00C9C35A /* Component */,
				817FB9212154D7FC00C9C35A /* Notify */,
				817FB9252154D7FC00C9C35A /* View */,
			);
			path = Frontend;
			sourceTree = "<group>";
		};
		817FB9082154D7FC00C9C35A /* Behaviour */ = {
			isa = PBXGroup;
			children = (
				817FB9092154D7FC00C9C35A /* BaseBehaviour.swift */,
			);
			path = Behaviour;
			sourceTree = "<group>";
		};
		817FB90A2154D7FC00C9C35A /* Component */ = {
			isa = PBXGroup;
			children = (
				817FB91E2154D7FC00C9C35A /* Vfx */,
			);
			path = Component;
			sourceTree = "<group>";
		};
		817FB91E2154D7FC00C9C35A /* Vfx */ = {
			isa = PBXGroup;
			children = (
				812DBA2921605A7400315853 /* Easing */,
				817FB91F2154D7FC00C9C35A /* Spline */,
				81588BAD21574578008EA02D /* TimeLine.swift */,
				812DBA2C21605E7200315853 /* Bouncy.swift */,
			);
			path = Vfx;
			sourceTree = "<group>";
		};
		817FB91F2154D7FC00C9C35A /* Spline */ = {
			isa = PBXGroup;
			children = (
				817FB9202154D7FC00C9C35A /* Parabora.swift */,
			);
			path = Spline;
			sourceTree = "<group>";
		};
		817FB9212154D7FC00C9C35A /* Notify */ = {
			isa = PBXGroup;
			children = (
				81588BB32158F32F008EA02D /* Notifier.swift */,
				81588BB52158F4B8008EA02D /* NotifyMessage.swift */,
				81588BB72158F590008EA02D /* INotifyDelegate.swift */,
			);
			path = Notify;
			sourceTree = "<group>";
		};
		817FB9252154D7FC00C9C35A /* View */ = {
			isa = PBXGroup;
			children = (
				81F4F486215A0A500013F939 /* UIView.swift */,
			);
			path = View;
			sourceTree = "<group>";
		};
		817FB9492154D8A400C9C35A /* Object */ = {
			isa = PBXGroup;
			children = (
				817FB94A2154D8F300C9C35A /* NSObject.swift */,
			);
			path = Object;
			sourceTree = "<group>";
		};
		817FB96A2154E6D400C9C35A /* State */ = {
			isa = PBXGroup;
			children = (
				817FB96B2154E6E600C9C35A /* FiniteStateEntity.swift */,
				81588BAB215744A6008EA02D /* FiniteState.swift */,
				81588BB121578DFF008EA02D /* FiniteStateMachine.swift */,
			);
			path = State;
			sourceTree = "<group>";
		};
		818F68B221536FC4007BFC11 /* Stream */ = {
			isa = PBXGroup;
			children = (
				818F68B321536FC4007BFC11 /* Console */,
			);
			path = Stream;
			sourceTree = "<group>";
		};
		818F68B321536FC4007BFC11 /* Console */ = {
			isa = PBXGroup;
			children = (
				818F68B421536FC4007BFC11 /* ConsoleStream.h */,
				818F68B521536FC4007BFC11 /* ConsoleStream.m */,
			);
			path = Console;
			sourceTree = "<group>";
		};
		81A04EB0200C8A390035B7AE /* Notifier */ = {
			isa = PBXGroup;
			children = (
				81CA81522152158100F23DEF /* INotifyDelegate.h */,
				81CA81542152161D00F23DEF /* NotifyMessage.h */,
				81CA8156215219AA00F23DEF /* Notifier.h */,
				81CA8158215219E700F23DEF /* Notifier.m */,
			);
			path = Notifier;
			sourceTree = "<group>";
		};
		81C3AB3F2140F74E00460F38 /* Async */ = {
			isa = PBXGroup;
			children = (
				81C3AB402140F77200460F38 /* DispatchQueue.h */,
				81C3AB422140F77D00460F38 /* DispatchQueue.m */,
			);
			path = Async;
			sourceTree = "<group>";
		};
		81CA81482150CA9E00F23DEF /* Vfx */ = {
			isa = PBXGroup;
			children = (
				81CA8169215241B400F23DEF /* Spline */,
				81CA81492150CA9E00F23DEF /* Easing */,
				81CA814E2150CAAC00F23DEF /* TimeLine.m */,
				81CA81502150CAB600F23DEF /* TimeLine.h */,
				81CA815E21522C2100F23DEF /* Bouncy.m */,
				81CA816021522C2C00F23DEF /* Bouncy.h */,
			);
			path = Vfx;
			sourceTree = "<group>";
		};
		81CA81492150CA9E00F23DEF /* Easing */ = {
			isa = PBXGroup;
			children = (
				81CA814A2150CA9E00F23DEF /* Quadratic.h */,
				81CA814B2150CA9E00F23DEF /* Quadratic.m */,
			);
			path = Easing;
			sourceTree = "<group>";
		};
		81CA8169215241B400F23DEF /* Spline */ = {
			isa = PBXGroup;
			children = (
				81CA816A215241B400F23DEF /* Parabora.h */,
				81CA816B215241B400F23DEF /* Parabora.m */,
			);
			path = Spline;
			sourceTree = "<group>";
		};
		81ECFB8D2000745D0073571A = {
			isa = PBXGroup;
			children = (
				81ECFBD32000748A0073571A /* iOSObjectiveCFoundation */,
				817FB8D42154D7B200C9C35A /* iOSSwiftFoundation */,
				81ECFB982000745D0073571A /* Products */,
				816BD6CF20035898008B8853 /* Frameworks */,
			);
			sourceTree = "<group>";
		};
		81ECFB982000745D0073571A /* Products */ = {
			isa = PBXGroup;
			children = (
				81ECFBD22000748A0073571A /* iOSObjectiveCFoundation.framework */,
				81ECFBDA2000748A0073571A /* iOSObjectiveCFoundationTests.xctest */,
				817FB8D32154D7B200C9C35A /* iOSSwiftFoundation.framework */,
				817FB8DB2154D7B300C9C35A /* iOSSwiftFoundationTests.xctest */,
			);
			name = Products;
			sourceTree = "<group>";
		};
		81ECFBD32000748A0073571A /* iOSObjectiveCFoundation */ = {
			isa = PBXGroup;
			children = (
				816BD6C5200357E9008B8853 /* Classes */,
				81ECFBD42000748A0073571A /* iOSObjectiveCFoundation.h */,
				81ECFBD52000748A0073571A /* Info.plist */,
			);
			path = iOSObjectiveCFoundation;
			sourceTree = "<group>";
		};
		81FB910D214F29AF007FABAF /* Behaviour */ = {
			isa = PBXGroup;
			children = (
				81FB910E214F29CF007FABAF /* BaseBehaviour.m */,
				81FB9110214F29DA007FABAF /* BaseBehaviour.h */,
			);
			path = Behaviour;
			sourceTree = "<group>";
		};
/* End PBXGroup section */

/* Begin PBXHeadersBuildPhase section */
		817FB8D02154D7B200C9C35A /* Headers */ = {
			isa = PBXHeadersBuildPhase;
			buildActionMask = 2147483647;
			files = (
				817FB8E32154D7B300C9C35A /* iOSSwiftFoundation.h in Headers */,
			);
			runOnlyForDeploymentPostprocessing = 0;
		};
		81ECFBCF2000748A0073571A /* Headers */ = {
			isa = PBXHeadersBuildPhase;
			buildActionMask = 2147483647;
			files = (
				81BC63E12144B4820081F129 /* FiniteStateMachine.h in Headers */,
				817D87B821426BB7006C3D7B /* FiniteState.h in Headers */,
				81FB910C214EB6F3007FABAF /* FiniteStateEntity.h in Headers */,
				818A22C12144BAC400B19FC2 /* Parameter.h in Headers */,
				818F68B621536FC4007BFC11 /* ConsoleStream.h in Headers */,
				81FB9111214F29DA007FABAF /* BaseBehaviour.h in Headers */,
				81CA81512150CAB600F23DEF /* TimeLine.h in Headers */,
				81CA81552152161D00F23DEF /* NotifyMessage.h in Headers */,
				81C3AB412140F77200460F38 /* DispatchQueue.h in Headers */,
				81CA81532152158100F23DEF /* INotifyDelegate.h in Headers */,
				81CA816121522C2C00F23DEF /* Bouncy.h in Headers */,
				81CA816C215241B500F23DEF /* Parabora.h in Headers */,
				816BD6D720035C1F008B8853 /* Angle.h in Headers */,
				81CA814C2150CA9E00F23DEF /* Quadratic.h in Headers */,
				81C3AB47214100A800460F38 /* UIView+Override.h in Headers */,
				81CA815B215225EC00F23DEF /* NSObject+Override.h in Headers */,
				81CA8157215219AA00F23DEF /* Notifier.h in Headers */,
				81ECFBE22000748A0073571A /* iOSObjectiveCFoundation.h in Headers */,
			);
			runOnlyForDeploymentPostprocessing = 0;
		};
/* End PBXHeadersBuildPhase section */

/* Begin PBXNativeTarget section */
		817FB8D22154D7B200C9C35A /* iOSSwiftFoundation */ = {
			isa = PBXNativeTarget;
			buildConfigurationList = 817FB8E82154D7B300C9C35A /* Build configuration list for PBXNativeTarget "iOSSwiftFoundation" */;
			buildPhases = (
				817FB8CE2154D7B200C9C35A /* Sources */,
				817FB8CF2154D7B200C9C35A /* Frameworks */,
				817FB8D02154D7B200C9C35A /* Headers */,
				817FB8D12154D7B200C9C35A /* Resources */,
			);
			buildRules = (
			);
			dependencies = (
			);
			name = iOSSwiftFoundation;
			productName = iOSSwiftFoundation;
			productReference = 817FB8D32154D7B200C9C35A /* iOSSwiftFoundation.framework */;
			productType = "com.apple.product-type.framework";
		};
		817FB8DA2154D7B300C9C35A /* iOSSwiftFoundationTests */ = {
			isa = PBXNativeTarget;
			buildConfigurationList = 817FB8E92154D7B300C9C35A /* Build configuration list for PBXNativeTarget "iOSSwiftFoundationTests" */;
			buildPhases = (
				817FB8D72154D7B300C9C35A /* Sources */,
				817FB8D82154D7B300C9C35A /* Frameworks */,
				817FB8D92154D7B300C9C35A /* Resources */,
			);
			buildRules = (
			);
			dependencies = (
				817FB8DE2154D7B300C9C35A /* PBXTargetDependency */,
			);
			name = iOSSwiftFoundationTests;
			productName = iOSSwiftFoundationTests;
			productReference = 817FB8DB2154D7B300C9C35A /* iOSSwiftFoundationTests.xctest */;
			productType = "com.apple.product-type.bundle.unit-test";
		};
		81ECFBD12000748A0073571A /* iOSObjectiveCFoundation */ = {
			isa = PBXNativeTarget;
			buildConfigurationList = 81ECFBE32000748A0073571A /* Build configuration list for PBXNativeTarget "iOSObjectiveCFoundation" */;
			buildPhases = (
				81ECFBCD2000748A0073571A /* Sources */,
				81ECFBCE2000748A0073571A /* Frameworks */,
				81ECFBCF2000748A0073571A /* Headers */,
				81ECFBD02000748A0073571A /* Resources */,
			);
			buildRules = (
			);
			dependencies = (
			);
			name = iOSObjectiveCFoundation;
			productName = iOSObjectiveCFoundation;
			productReference = 81ECFBD22000748A0073571A /* iOSObjectiveCFoundation.framework */;
			productType = "com.apple.product-type.framework";
		};
		81ECFBD92000748A0073571A /* iOSObjectiveCFoundationTests */ = {
			isa = PBXNativeTarget;
			buildConfigurationList = 81ECFBE62000748A0073571A /* Build configuration list for PBXNativeTarget "iOSObjectiveCFoundationTests" */;
			buildPhases = (
				81ECFBD62000748A0073571A /* Sources */,
				81ECFBD72000748A0073571A /* Frameworks */,
				81ECFBD82000748A0073571A /* Resources */,
			);
			buildRules = (
			);
			dependencies = (
				81ECFBDD2000748A0073571A /* PBXTargetDependency */,
			);
			name = iOSObjectiveCFoundationTests;
			productName = iOSObjectiveCFoundationTests;
			productReference = 81ECFBDA2000748A0073571A /* iOSObjectiveCFoundationTests.xctest */;
			productType = "com.apple.product-type.bundle.unit-test";
		};
/* End PBXNativeTarget section */

/* Begin PBXProject section */
		81ECFB8E2000745D0073571A /* Project object */ = {
			isa = PBXProject;
			attributes = {
				LastSwiftUpdateCheck = 0940;
				LastUpgradeCheck = 0920;
				ORGANIZATIONNAME = "柾本 耕太郎";
				TargetAttributes = {
					817FB8D22154D7B200C9C35A = {
						CreatedOnToolsVersion = 9.4.1;
						ProvisioningStyle = Automatic;
					};
					817FB8DA2154D7B300C9C35A = {
						CreatedOnToolsVersion = 9.4.1;
						ProvisioningStyle = Automatic;
					};
					81ECFBD12000748A0073571A = {
						CreatedOnToolsVersion = 9.2;
						ProvisioningStyle = Automatic;
					};
					81ECFBD92000748A0073571A = {
						CreatedOnToolsVersion = 9.2;
						ProvisioningStyle = Automatic;
					};
				};
			};
			buildConfigurationList = 81ECFB912000745D0073571A /* Build configuration list for PBXProject "foundation" */;
			compatibilityVersion = "Xcode 8.0";
			developmentRegion = en;
			hasScannedForEncodings = 0;
			knownRegions = (
				en,
			);
			mainGroup = 81ECFB8D2000745D0073571A;
			productRefGroup = 81ECFB982000745D0073571A /* Products */;
			projectDirPath = "";
			projectRoot = "";
			targets = (
				81ECFBD12000748A0073571A /* iOSObjectiveCFoundation */,
				81ECFBD92000748A0073571A /* iOSObjectiveCFoundationTests */,
				817FB8D22154D7B200C9C35A /* iOSSwiftFoundation */,
				817FB8DA2154D7B300C9C35A /* iOSSwiftFoundationTests */,
			);
		};
/* End PBXProject section */

/* Begin PBXResourcesBuildPhase section */
		817FB8D12154D7B200C9C35A /* Resources */ = {
			isa = PBXResourcesBuildPhase;
			buildActionMask = 2147483647;
			files = (
			);
			runOnlyForDeploymentPostprocessing = 0;
		};
		817FB8D92154D7B300C9C35A /* Resources */ = {
			isa = PBXResourcesBuildPhase;
			buildActionMask = 2147483647;
			files = (
			);
			runOnlyForDeploymentPostprocessing = 0;
		};
		81ECFBD02000748A0073571A /* Resources */ = {
			isa = PBXResourcesBuildPhase;
			buildActionMask = 2147483647;
			files = (
			);
			runOnlyForDeploymentPostprocessing = 0;
		};
		81ECFBD82000748A0073571A /* Resources */ = {
			isa = PBXResourcesBuildPhase;
			buildActionMask = 2147483647;
			files = (
			);
			runOnlyForDeploymentPostprocessing = 0;
		};
/* End PBXResourcesBuildPhase section */

/* Begin PBXSourcesBuildPhase section */
		817FB8CE2154D7B200C9C35A /* Sources */ = {
			isa = PBXSourcesBuildPhase;
			buildActionMask = 2147483647;
			files = (
				81204EA62164B812006E2052 /* NSObject.swift in Sources */,
				81204EA72164B812006E2052 /* Parameter.swift in Sources */,
				81204EA82164B812006E2052 /* ConsoleStream.swift in Sources */,
				81204EA92164B812006E2052 /* Angle.swift in Sources */,
				81204EAA2164B812006E2052 /* FiniteStateEntity.swift in Sources */,
				81204EAB2164B812006E2052 /* FiniteState.swift in Sources */,
				81204EAC2164B812006E2052 /* FiniteStateMachine.swift in Sources */,
				81204EAD2164B812006E2052 /* BaseBehaviour.swift in Sources */,
				81204EAE2164B812006E2052 /* Quadratic.swift in Sources */,
				81204EAF2164B812006E2052 /* Parabora.swift in Sources */,
				81204EB02164B812006E2052 /* TimeLine.swift in Sources */,
				81204EB12164B812006E2052 /* Bouncy.swift in Sources */,
				81204EB22164B812006E2052 /* Notifier.swift in Sources */,
				81204EB32164B812006E2052 /* NotifyMessage.swift in Sources */,
				81204EB42164B812006E2052 /* INotifyDelegate.swift in Sources */,
				81204EB52164B812006E2052 /* UIView.swift in Sources */,
			);
			runOnlyForDeploymentPostprocessing = 0;
		};
		817FB8D72154D7B300C9C35A /* Sources */ = {
			isa = PBXSourcesBuildPhase;
			buildActionMask = 2147483647;
			files = (
			);
			runOnlyForDeploymentPostprocessing = 0;
		};
		81ECFBCD2000748A0073571A /* Sources */ = {
			isa = PBXSourcesBuildPhase;
			buildActionMask = 2147483647;
			files = (
				81CA814F2150CAAC00F23DEF /* TimeLine.m in Sources */,
				81CA815F21522C2100F23DEF /* Bouncy.m in Sources */,
				81CA814D2150CA9E00F23DEF /* Quadratic.m in Sources */,
				81CA816D215241B500F23DEF /* Parabora.m in Sources */,
				818F68B721536FC4007BFC11 /* ConsoleStream.m in Sources */,
				81C3AB462140FF7D00460F38 /* UIView+Override.m in Sources */,
				81CA8159215219E700F23DEF /* Notifier.m in Sources */,
				81FB910A214EB6E6007FABAF /* FiniteStateEntity.m in Sources */,
				818A22C32144BAD300B19FC2 /* Parameter.m in Sources */,
				81CA815D215225F600F23DEF /* NSObject+Override.m in Sources */,
				81BC63DF2144B4760081F129 /* FiniteStateMachine.m in Sources */,
				81C3AB432140F77D00460F38 /* DispatchQueue.m in Sources */,
				81FB910F214F29CF007FABAF /* BaseBehaviour.m in Sources */,
				816BD6D420035C0F008B8853 /* Angle.m in Sources */,
				817D87BA21426BC4006C3D7B /* FiniteState.m in Sources */,
			);
			runOnlyForDeploymentPostprocessing = 0;
		};
		81ECFBD62000748A0073571A /* Sources */ = {
			isa = PBXSourcesBuildPhase;
			buildActionMask = 2147483647;
			files = (
				816BD6D520035C0F008B8853 /* Angle.m in Sources */,
			);
			runOnlyForDeploymentPostprocessing = 0;
		};
/* End PBXSourcesBuildPhase section */

/* Begin PBXTargetDependency section */
		817FB8DE2154D7B300C9C35A /* PBXTargetDependency */ = {
			isa = PBXTargetDependency;
			target = 817FB8D22154D7B200C9C35A /* iOSSwiftFoundation */;
			targetProxy = 817FB8DD2154D7B300C9C35A /* PBXContainerItemProxy */;
		};
		81ECFBDD2000748A0073571A /* PBXTargetDependency */ = {
			isa = PBXTargetDependency;
			target = 81ECFBD12000748A0073571A /* iOSObjectiveCFoundation */;
			targetProxy = 81ECFBDC2000748A0073571A /* PBXContainerItemProxy */;
		};
/* End PBXTargetDependency section */

/* Begin XCBuildConfiguration section */
		817FB8E42154D7B300C9C35A /* Debug */ = {
			isa = XCBuildConfiguration;
			buildSettings = {
				CLANG_ENABLE_OBJC_WEAK = YES;
				CLANG_WARN_DEPRECATED_OBJC_IMPLEMENTATIONS = YES;
				CLANG_WARN_OBJC_IMPLICIT_RETAIN_SELF = YES;
				CODE_SIGN_IDENTITY = "";
				CODE_SIGN_STYLE = Automatic;
				DEFINES_MODULE = YES;
				DEVELOPMENT_TEAM = C9V674GA4T;
				DYLIB_COMPATIBILITY_VERSION = 1;
				DYLIB_CURRENT_VERSION = 1;
				DYLIB_INSTALL_NAME_BASE = "@rpath";
				INFOPLIST_FILE = iOSSwiftFoundation/Info.plist;
				INSTALL_PATH = "$(LOCAL_LIBRARY_DIR)/Frameworks";
				IPHONEOS_DEPLOYMENT_TARGET = 11.0;
				LD_RUNPATH_SEARCH_PATHS = "$(inherited) @executable_path/Frameworks @loader_path/Frameworks";
				ONLY_ACTIVE_ARCH = YES;
				PRODUCT_BUNDLE_IDENTIFIER = com.ucreates.iOSSwiftFoundation;
				PRODUCT_NAME = "$(TARGET_NAME:c99extidentifier)";
				SKIP_INSTALL = YES;
				SWIFT_ACTIVE_COMPILATION_CONDITIONS = DEBUG;
				SWIFT_OPTIMIZATION_LEVEL = "-Onone";
				SWIFT_VERSION = 4.0;
				TARGETED_DEVICE_FAMILY = "1,2";
			};
			name = Debug;
		};
		817FB8E52154D7B300C9C35A /* Release */ = {
			isa = XCBuildConfiguration;
			buildSettings = {
				CLANG_ENABLE_OBJC_WEAK = YES;
				CLANG_WARN_DEPRECATED_OBJC_IMPLEMENTATIONS = YES;
				CLANG_WARN_OBJC_IMPLICIT_RETAIN_SELF = YES;
				CODE_SIGN_IDENTITY = "";
				CODE_SIGN_STYLE = Automatic;
				DEFINES_MODULE = YES;
				DEVELOPMENT_TEAM = C9V674GA4T;
				DYLIB_COMPATIBILITY_VERSION = 1;
				DYLIB_CURRENT_VERSION = 1;
				DYLIB_INSTALL_NAME_BASE = "@rpath";
				INFOPLIST_FILE = iOSSwiftFoundation/Info.plist;
				INSTALL_PATH = "$(LOCAL_LIBRARY_DIR)/Frameworks";
				IPHONEOS_DEPLOYMENT_TARGET = 11.0;
				LD_RUNPATH_SEARCH_PATHS = "$(inherited) @executable_path/Frameworks @loader_path/Frameworks";
				ONLY_ACTIVE_ARCH = YES;
				PRODUCT_BUNDLE_IDENTIFIER = com.ucreates.iOSSwiftFoundation;
				PRODUCT_NAME = "$(TARGET_NAME:c99extidentifier)";
				SKIP_INSTALL = YES;
				SWIFT_OPTIMIZATION_LEVEL = "-Owholemodule";
				SWIFT_VERSION = 4.0;
				TARGETED_DEVICE_FAMILY = "1,2";
			};
			name = Release;
		};
		817FB8E62154D7B300C9C35A /* Debug */ = {
			isa = XCBuildConfiguration;
			buildSettings = {
				ALWAYS_EMBED_SWIFT_STANDARD_LIBRARIES = YES;
				CLANG_ENABLE_OBJC_WEAK = YES;
				CLANG_WARN_DEPRECATED_OBJC_IMPLEMENTATIONS = YES;
				CLANG_WARN_OBJC_IMPLICIT_RETAIN_SELF = YES;
				CODE_SIGN_STYLE = Automatic;
				DEVELOPMENT_TEAM = C9V674GA4T;
				INFOPLIST_FILE = iOSSwiftFoundationTests/Info.plist;
				IPHONEOS_DEPLOYMENT_TARGET = 11.4;
				LD_RUNPATH_SEARCH_PATHS = "$(inherited) @executable_path/Frameworks @loader_path/Frameworks";
				ONLY_ACTIVE_ARCH = YES;
				PRODUCT_BUNDLE_IDENTIFIER = com.ucreates.iOSSwiftFoundationTests;
				PRODUCT_NAME = "$(TARGET_NAME)";
				SWIFT_ACTIVE_COMPILATION_CONDITIONS = DEBUG;
				SWIFT_OPTIMIZATION_LEVEL = "-Onone";
				SWIFT_VERSION = 4.0;
				TARGETED_DEVICE_FAMILY = "1,2";
			};
			name = Debug;
		};
		817FB8E72154D7B300C9C35A /* Release */ = {
			isa = XCBuildConfiguration;
			buildSettings = {
				ALWAYS_EMBED_SWIFT_STANDARD_LIBRARIES = YES;
				CLANG_ENABLE_OBJC_WEAK = YES;
				CLANG_WARN_DEPRECATED_OBJC_IMPLEMENTATIONS = YES;
				CLANG_WARN_OBJC_IMPLICIT_RETAIN_SELF = YES;
				CODE_SIGN_STYLE = Automatic;
				DEVELOPMENT_TEAM = C9V674GA4T;
				INFOPLIST_FILE = iOSSwiftFoundationTests/Info.plist;
				IPHONEOS_DEPLOYMENT_TARGET = 11.4;
				LD_RUNPATH_SEARCH_PATHS = "$(inherited) @executable_path/Frameworks @loader_path/Frameworks";
				ONLY_ACTIVE_ARCH = YES;
				PRODUCT_BUNDLE_IDENTIFIER = com.ucreates.iOSSwiftFoundationTests;
				PRODUCT_NAME = "$(TARGET_NAME)";
				SWIFT_OPTIMIZATION_LEVEL = "-Owholemodule";
				SWIFT_VERSION = 4.0;
				TARGETED_DEVICE_FAMILY = "1,2";
			};
			name = Release;
		};
		81ECFBA92000745E0073571A /* Debug */ = {
			isa = XCBuildConfiguration;
			buildSettings = {
				ALWAYS_SEARCH_USER_PATHS = NO;
				CLANG_ANALYZER_NONNULL = YES;
				CLANG_ANALYZER_NUMBER_OBJECT_CONVERSION = YES_AGGRESSIVE;
				CLANG_CXX_LANGUAGE_STANDARD = "gnu++14";
				CLANG_CXX_LIBRARY = "libc++";
				CLANG_ENABLE_MODULES = YES;
				CLANG_ENABLE_OBJC_ARC = YES;
				CLANG_WARN_BLOCK_CAPTURE_AUTORELEASING = YES;
				CLANG_WARN_BOOL_CONVERSION = YES;
				CLANG_WARN_COMMA = YES;
				CLANG_WARN_CONSTANT_CONVERSION = YES;
				CLANG_WARN_DIRECT_OBJC_ISA_USAGE = YES_ERROR;
				CLANG_WARN_DOCUMENTATION_COMMENTS = YES;
				CLANG_WARN_EMPTY_BODY = YES;
				CLANG_WARN_ENUM_CONVERSION = YES;
				CLANG_WARN_INFINITE_RECURSION = YES;
				CLANG_WARN_INT_CONVERSION = YES;
				CLANG_WARN_NON_LITERAL_NULL_CONVERSION = YES;
				CLANG_WARN_OBJC_LITERAL_CONVERSION = YES;
				CLANG_WARN_OBJC_ROOT_CLASS = YES_ERROR;
				CLANG_WARN_RANGE_LOOP_ANALYSIS = YES;
				CLANG_WARN_STRICT_PROTOTYPES = YES;
				CLANG_WARN_SUSPICIOUS_MOVE = YES;
				CLANG_WARN_UNGUARDED_AVAILABILITY = YES_AGGRESSIVE;
				CLANG_WARN_UNREACHABLE_CODE = YES;
				CLANG_WARN__DUPLICATE_METHOD_MATCH = YES;
				CODE_SIGN_IDENTITY = "iPhone Developer";
				CONFIGURATION_BUILD_DIR = ../bin/frameworks;
				COPY_PHASE_STRIP = NO;
				CURRENT_PROJECT_VERSION = 1;
				DEBUG_INFORMATION_FORMAT = dwarf;
				ENABLE_STRICT_OBJC_MSGSEND = YES;
				ENABLE_TESTABILITY = YES;
				GCC_C_LANGUAGE_STANDARD = gnu11;
				GCC_DYNAMIC_NO_PIC = NO;
				GCC_NO_COMMON_BLOCKS = YES;
				GCC_OPTIMIZATION_LEVEL = 0;
				GCC_PREPROCESSOR_DEFINITIONS = (
					"DEBUG=1",
					"$(inherited)",
				);
				GCC_WARN_64_TO_32_BIT_CONVERSION = YES;
				GCC_WARN_ABOUT_RETURN_TYPE = YES_ERROR;
				GCC_WARN_UNDECLARED_SELECTOR = YES;
				GCC_WARN_UNINITIALIZED_AUTOS = YES_AGGRESSIVE;
				GCC_WARN_UNUSED_FUNCTION = YES;
				GCC_WARN_UNUSED_VARIABLE = YES;
				IPHONEOS_DEPLOYMENT_TARGET = 11.0;
				MTL_ENABLE_DEBUG_INFO = YES;
				ONLY_ACTIVE_ARCH = YES;
				SDKROOT = iphoneos;
				VERSIONING_SYSTEM = "apple-generic";
				VERSION_INFO_PREFIX = "";
			};
			name = Debug;
		};
		81ECFBAA2000745E0073571A /* Release */ = {
			isa = XCBuildConfiguration;
			buildSettings = {
				ALWAYS_SEARCH_USER_PATHS = NO;
				CLANG_ANALYZER_NONNULL = YES;
				CLANG_ANALYZER_NUMBER_OBJECT_CONVERSION = YES_AGGRESSIVE;
				CLANG_CXX_LANGUAGE_STANDARD = "gnu++14";
				CLANG_CXX_LIBRARY = "libc++";
				CLANG_ENABLE_MODULES = YES;
				CLANG_ENABLE_OBJC_ARC = YES;
				CLANG_WARN_BLOCK_CAPTURE_AUTORELEASING = YES;
				CLANG_WARN_BOOL_CONVERSION = YES;
				CLANG_WARN_COMMA = YES;
				CLANG_WARN_CONSTANT_CONVERSION = YES;
				CLANG_WARN_DIRECT_OBJC_ISA_USAGE = YES_ERROR;
				CLANG_WARN_DOCUMENTATION_COMMENTS = YES;
				CLANG_WARN_EMPTY_BODY = YES;
				CLANG_WARN_ENUM_CONVERSION = YES;
				CLANG_WARN_INFINITE_RECURSION = YES;
				CLANG_WARN_INT_CONVERSION = YES;
				CLANG_WARN_NON_LITERAL_NULL_CONVERSION = YES;
				CLANG_WARN_OBJC_LITERAL_CONVERSION = YES;
				CLANG_WARN_OBJC_ROOT_CLASS = YES_ERROR;
				CLANG_WARN_RANGE_LOOP_ANALYSIS = YES;
				CLANG_WARN_STRICT_PROTOTYPES = YES;
				CLANG_WARN_SUSPICIOUS_MOVE = YES;
				CLANG_WARN_UNGUARDED_AVAILABILITY = YES_AGGRESSIVE;
				CLANG_WARN_UNREACHABLE_CODE = YES;
				CLANG_WARN__DUPLICATE_METHOD_MATCH = YES;
				CODE_SIGN_IDENTITY = "iPhone Developer";
				CONFIGURATION_BUILD_DIR = ../bin/frameworks;
				COPY_PHASE_STRIP = NO;
				CURRENT_PROJECT_VERSION = 1;
				DEBUG_INFORMATION_FORMAT = "dwarf-with-dsym";
				ENABLE_NS_ASSERTIONS = NO;
				ENABLE_STRICT_OBJC_MSGSEND = YES;
				GCC_C_LANGUAGE_STANDARD = gnu11;
				GCC_NO_COMMON_BLOCKS = YES;
				GCC_WARN_64_TO_32_BIT_CONVERSION = YES;
				GCC_WARN_ABOUT_RETURN_TYPE = YES_ERROR;
				GCC_WARN_UNDECLARED_SELECTOR = YES;
				GCC_WARN_UNINITIALIZED_AUTOS = YES_AGGRESSIVE;
				GCC_WARN_UNUSED_FUNCTION = YES;
				GCC_WARN_UNUSED_VARIABLE = YES;
				IPHONEOS_DEPLOYMENT_TARGET = 11.0;
				MTL_ENABLE_DEBUG_INFO = NO;
				ONLY_ACTIVE_ARCH = YES;
				SDKROOT = iphoneos;
				VALIDATE_PRODUCT = YES;
				VERSIONING_SYSTEM = "apple-generic";
				VERSION_INFO_PREFIX = "";
			};
			name = Release;
		};
		81ECFBE42000748A0073571A /* Debug */ = {
			isa = XCBuildConfiguration;
			buildSettings = {
				CODE_SIGN_IDENTITY = "";
				CODE_SIGN_STYLE = Automatic;
				DEFINES_MODULE = YES;
				DEVELOPMENT_TEAM = C9V674GA4T;
				DYLIB_COMPATIBILITY_VERSION = 1;
				DYLIB_CURRENT_VERSION = 1;
				DYLIB_INSTALL_NAME_BASE = "@rpath";
				GCC_C_LANGUAGE_STANDARD = c99;
				INFOPLIST_FILE = iOSObjectiveCFoundation/Info.plist;
				INSTALL_PATH = "$(LOCAL_LIBRARY_DIR)/Frameworks";
				IPHONEOS_DEPLOYMENT_TARGET = 11.0;
				LD_RUNPATH_SEARCH_PATHS = "$(inherited) @executable_path/Frameworks @loader_path/Frameworks";
				PRODUCT_BUNDLE_IDENTIFIER = com.ucreates.foundation;
				PRODUCT_NAME = "$(TARGET_NAME:c99extidentifier)";
				SKIP_INSTALL = YES;
				TARGETED_DEVICE_FAMILY = "1,2";
			};
			name = Debug;
		};
		81ECFBE52000748A0073571A /* Release */ = {
			isa = XCBuildConfiguration;
			buildSettings = {
				CODE_SIGN_IDENTITY = "";
				CODE_SIGN_STYLE = Automatic;
				DEFINES_MODULE = YES;
				DEVELOPMENT_TEAM = C9V674GA4T;
				DYLIB_COMPATIBILITY_VERSION = 1;
				DYLIB_CURRENT_VERSION = 1;
				DYLIB_INSTALL_NAME_BASE = "@rpath";
				GCC_C_LANGUAGE_STANDARD = c99;
				INFOPLIST_FILE = iOSObjectiveCFoundation/Info.plist;
				INSTALL_PATH = "$(LOCAL_LIBRARY_DIR)/Frameworks";
				IPHONEOS_DEPLOYMENT_TARGET = 11.0;
				LD_RUNPATH_SEARCH_PATHS = "$(inherited) @executable_path/Frameworks @loader_path/Frameworks";
				PRODUCT_BUNDLE_IDENTIFIER = com.ucreates.foundation;
				PRODUCT_NAME = "$(TARGET_NAME:c99extidentifier)";
				SKIP_INSTALL = YES;
				TARGETED_DEVICE_FAMILY = "1,2";
			};
			name = Release;
		};
		81ECFBE72000748A0073571A /* Debug */ = {
			isa = XCBuildConfiguration;
			buildSettings = {
				CODE_SIGN_STYLE = Automatic;
				DEVELOPMENT_TEAM = C9V674GA4T;
				INFOPLIST_FILE = iOSObjectiveCFoundationTests/Info.plist;
				LD_RUNPATH_SEARCH_PATHS = "$(inherited) @executable_path/Frameworks @loader_path/Frameworks";
				PRODUCT_BUNDLE_IDENTIFIER = com.ucreates.iOSObjectiveCFoundationTests;
				PRODUCT_NAME = "$(TARGET_NAME)";
				TARGETED_DEVICE_FAMILY = "1,2";
			};
			name = Debug;
		};
		81ECFBE82000748A0073571A /* Release */ = {
			isa = XCBuildConfiguration;
			buildSettings = {
				CODE_SIGN_STYLE = Automatic;
				DEVELOPMENT_TEAM = C9V674GA4T;
				INFOPLIST_FILE = iOSObjectiveCFoundationTests/Info.plist;
				LD_RUNPATH_SEARCH_PATHS = "$(inherited) @executable_path/Frameworks @loader_path/Frameworks";
				PRODUCT_BUNDLE_IDENTIFIER = com.ucreates.iOSObjectiveCFoundationTests;
				PRODUCT_NAME = "$(TARGET_NAME)";
				TARGETED_DEVICE_FAMILY = "1,2";
			};
			name = Release;
		};
/* End XCBuildConfiguration section */

/* Begin XCConfigurationList section */
		817FB8E82154D7B300C9C35A /* Build configuration list for PBXNativeTarget "iOSSwiftFoundation" */ = {
			isa = XCConfigurationList;
			buildConfigurations = (
				817FB8E42154D7B300C9C35A /* Debug */,
				817FB8E52154D7B300C9C35A /* Release */,
			);
			defaultConfigurationIsVisible = 0;
			defaultConfigurationName = Release;
		};
		817FB8E92154D7B300C9C35A /* Build configuration list for PBXNativeTarget "iOSSwiftFoundationTests" */ = {
			isa = XCConfigurationList;
			buildConfigurations = (
				817FB8E62154D7B300C9C35A /* Debug */,
				817FB8E72154D7B300C9C35A /* Release */,
			);
			defaultConfigurationIsVisible = 0;
			defaultConfigurationName = Release;
		};
		81ECFB912000745D0073571A /* Build configuration list for PBXProject "foundation" */ = {
			isa = XCConfigurationList;
			buildConfigurations = (
				81ECFBA92000745E0073571A /* Debug */,
				81ECFBAA2000745E0073571A /* Release */,
			);
			defaultConfigurationIsVisible = 0;
			defaultConfigurationName = Release;
		};
		81ECFBE32000748A0073571A /* Build configuration list for PBXNativeTarget "iOSObjectiveCFoundation" */ = {
			isa = XCConfigurationList;
			buildConfigurations = (
				81ECFBE42000748A0073571A /* Debug */,
				81ECFBE52000748A0073571A /* Release */,
			);
			defaultConfigurationIsVisible = 0;
			defaultConfigurationName = Release;
		};
		81ECFBE62000748A0073571A /* Build configuration list for PBXNativeTarget "iOSObjectiveCFoundationTests" */ = {
			isa = XCConfigurationList;
			buildConfigurations = (
				81ECFBE72000748A0073571A /* Debug */,
				81ECFBE82000748A0073571A /* Release */,
			);
			defaultConfigurationIsVisible = 0;
			defaultConfigurationName = Release;
		};
/* End XCConfigurationList section */
	};
	rootObject = 81ECFB8E2000745D0073571A /* Project object */;
}
